# THIS IS AN AUTOGENERATED FILE. DO NOT EDIT THIS FILE DIRECTLY.
# yarn lockfile v1


emailjs-com@^3.2.0:
  version "3.2.0"
  resolved "https://registry.yarnpkg.com/emailjs-com/-/emailjs-com-3.2.0.tgz#a53cb22f1bc433c701c84c53d8b56eefd5ce7111"
  integrity sha512-Prbz3E1usiAwGjMNYRv6EsJ5c373cX7/AGnZQwOfrpNJrygQJ15+E9OOq4pU8yC977Z5xMetRfc3WmDX6RcjAA==
